{
  "name": "web",
  "version": "0.0.0",
  "lockfileVersion": 1,
  "requires": true,
  "dependencies": {
    "accepts": {
      "version": "http://nexus.pagseguro.intranet/repository/npm-all/accepts/-/accepts-1.3.4.tgz",
      "integrity": "sha1-hiRnWMfdbSGmR0/whKR0DsBesh8=",
      "requires": {
        "mime-types": "http://nexus.pagseguro.intranet/repository/npm-all/mime-types/-/mime-types-2.1.17.tgz",
        "negotiator": "http://nexus.pagseguro.intranet/repository/npm-all/negotiator/-/negotiator-0.6.1.tgz"
      }
    },
    "acorn": {
      "version": "http://nexus.pagseguro.intranet/repository/npm-all/acorn/-/acorn-2.7.0.tgz",
      "integrity": "sha1-q259nYhqrKiwhbwzEreaGYQz8Oc="
    },
    "acorn-globals": {
      "version": "http://nexus.pagseguro.intranet/repository/npm-all/acorn-globals/-/acorn-globals-1.0.9.tgz",
      "integrity": "sha1-VbtemGkVB7dFedBRNBMhfDgMVM8=",
      "requires": {
        "acorn": "http://nexus.pagseguro.intranet/repository/npm-all/acorn/-/acorn-2.7.0.tgz"
      }
    },
    "align-text": {
      "version": "http://nexus.pagseguro.intranet/repository/npm-all/align-text/-/align-text-0.1.4.tgz",
      "integrity": "sha1-DNkKVhCT810KmSVsIrcGlDP60Rc=",
      "requires": {
        "kind-of": "https://registry.npmjs.org/kind-of/-/kind-of-3.2.2.tgz",
        "longest": "http://nexus.pagseguro.intranet/repository/npm-all/longest/-/longest-1.0.1.tgz",
        "repeat-string": "https://registry.npmjs.org/repeat-string/-/repeat-string-1.6.1.tgz"
      }
    },
    "amdefine": {
      "version": "https://registry.npmjs.org/amdefine/-/amdefine-1.0.1.tgz",
      "integrity": "sha1-SlKCrBZHKek2Gbz9OtFR+BfOkfU="
    },
    "array-flatten": {
      "version": "http://nexus.pagseguro.intranet/repository/npm-all/array-flatten/-/array-flatten-1.1.1.tgz",
      "integrity": "sha1-ml9pkFGx5wczKPKgCJaLZOopVdI="
    },
    "asap": {
      "version": "http://nexus.pagseguro.intranet/repository/npm-all/asap/-/asap-1.0.0.tgz",
      "integrity": "sha1-sqRdpf36ILBJb8N2jMJ8EvqRan0="
    },
    "basic-auth": {
      "version": "http://nexus.pagseguro.intranet/repository/npm-all/basic-auth/-/basic-auth-2.0.0.tgz",
      "integrity": "sha1-AV2z81PgLlY3d1X5YnQuiYHnu7o=",
      "requires": {
        "safe-buffer": "http://nexus.pagseguro.intranet/repository/npm-all/safe-buffer/-/safe-buffer-5.1.1.tgz"
      }
    },
    "body-parser": {
      "version": "http://nexus.pagseguro.intranet/repository/npm-all/body-parser/-/body-parser-1.18.2.tgz",
      "integrity": "sha1-h2eKGdhLR9hZuDGZvVm84iKxBFQ=",
      "requires": {
        "bytes": "http://nexus.pagseguro.intranet/repository/npm-all/bytes/-/bytes-3.0.0.tgz",
        "content-type": "http://nexus.pagseguro.intranet/repository/npm-all/content-type/-/content-type-1.0.4.tgz",
        "debug": "http://nexus.pagseguro.intranet/repository/npm-all/debug/-/debug-2.6.9.tgz",
        "depd": "http://nexus.pagseguro.intranet/repository/npm-all/depd/-/depd-1.1.1.tgz",
        "http-errors": "http://nexus.pagseguro.intranet/repository/npm-all/http-errors/-/http-errors-1.6.2.tgz",
        "iconv-lite": "http://nexus.pagseguro.intranet/repository/npm-all/iconv-lite/-/iconv-lite-0.4.19.tgz",
        "on-finished": "http://nexus.pagseguro.intranet/repository/npm-all/on-finished/-/on-finished-2.3.0.tgz",
        "qs": "http://nexus.pagseguro.intranet/repository/npm-all/qs/-/qs-6.5.1.tgz",
        "raw-body": "http://nexus.pagseguro.intranet/repository/npm-all/raw-body/-/raw-body-2.3.2.tgz",
        "type-is": "http://nexus.pagseguro.intranet/repository/npm-all/type-is/-/type-is-1.6.15.tgz"
      }
    },
    "bytes": {
      "version": "http://nexus.pagseguro.intranet/repository/npm-all/bytes/-/bytes-3.0.0.tgz",
      "integrity": "sha1-0ygVQE1olpn4Wk6k+odV3ROpYEg="
    },
    "camelcase": {
      "version": "http://nexus.pagseguro.intranet/repository/npm-all/camelcase/-/camelcase-1.2.1.tgz",
      "integrity": "sha1-m7UwTS4LVmmLLHWLCKPqqdqlijk="
    },
    "caseless": {
      "version": "0.11.0",
      "resolved": "https://registry.npmjs.org/caseless/-/caseless-0.11.0.tgz",
      "integrity": "sha1-cVuW6phBWTzDMGeSP17GDr2k99c="
    },
    "center-align": {
      "version": "http://nexus.pagseguro.intranet/repository/npm-all/center-align/-/center-align-0.1.3.tgz",
      "integrity": "sha1-qg0yYptu6XIgBBHL1EYckHvCt60=",
      "requires": {
        "align-text": "http://nexus.pagseguro.intranet/repository/npm-all/align-text/-/align-text-0.1.4.tgz",
        "lazy-cache": "http://nexus.pagseguro.intranet/repository/npm-all/lazy-cache/-/lazy-cache-1.0.4.tgz"
      }
    },
    "character-parser": {
      "version": "http://nexus.pagseguro.intranet/repository/npm-all/character-parser/-/character-parser-1.2.1.tgz",
      "integrity": "sha1-wN3kqxgnE7kZuXCVmhI+zBow/NY="
    },
    "clean-css": {
      "version": "http://nexus.pagseguro.intranet/repository/npm-all/clean-css/-/clean-css-3.4.28.tgz",
      "integrity": "sha1-vxlF6C/ICPVWlebd6uwBQA79A/8=",
      "requires": {
        "commander": "http://nexus.pagseguro.intranet/repository/npm-all/commander/-/commander-2.8.1.tgz",
        "source-map": "https://registry.npmjs.org/source-map/-/source-map-0.4.4.tgz"
      },
      "dependencies": {
        "commander": {
          "version": "http://nexus.pagseguro.intranet/repository/npm-all/commander/-/commander-2.8.1.tgz",
          "integrity": "sha1-Br42f+v9oMMwqh4qBy09yXYkJdQ=",
          "requires": {
            "graceful-readlink": "http://nexus.pagseguro.intranet/repository/npm-all/graceful-readlink/-/graceful-readlink-1.0.1.tgz"
          }
        }
      }
    },
    "cliui": {
      "version": "http://nexus.pagseguro.intranet/repository/npm-all/cliui/-/cliui-2.1.0.tgz",
      "integrity": "sha1-S0dXYP+AJkx2LDoXGQMukcf+oNE=",
      "requires": {
        "center-align": "http://nexus.pagseguro.intranet/repository/npm-all/center-align/-/center-align-0.1.3.tgz",
        "right-align": "http://nexus.pagseguro.intranet/repository/npm-all/right-align/-/right-align-0.1.3.tgz",
        "wordwrap": "http://nexus.pagseguro.intranet/repository/npm-all/wordwrap/-/wordwrap-0.0.2.tgz"
      },
      "dependencies": {
        "wordwrap": {
          "version": "http://nexus.pagseguro.intranet/repository/npm-all/wordwrap/-/wordwrap-0.0.2.tgz",
          "integrity": "sha1-t5Zpu0LstAn4PVg8rVLKF+qhZD8="
        }
      }
    },
    "command-exists": {
      "version": "1.2.2",
      "resolved": "https://registry.npmjs.org/command-exists/-/command-exists-1.2.2.tgz",
      "integrity": "sha1-EoGcZPr5VEbsCuB/5sr7brNwiyI="
    },
    "commander": {
      "version": "http://nexus.pagseguro.intranet/repository/npm-all/commander/-/commander-2.6.0.tgz",
      "integrity": "sha1-nfflL7Kgyw+4kFjugMMQQiXzfh0="
    },
    "compare-dates": {
      "version": "1.2.0",
      "resolved": "https://registry.npmjs.org/compare-dates/-/compare-dates-1.2.0.tgz",
      "integrity": "sha1-961/bdxKqtJNMlBxW3rorJ+Ii6k="
    },
    "concat-stream": {
      "version": "1.6.0",
      "resolved": "https://registry.npmjs.org/concat-stream/-/concat-stream-1.6.0.tgz",
      "integrity": "sha1-CqxmL9Ur54lk1VMvaUeE5wEQrPc=",
      "requires": {
        "inherits": "https://registry.npmjs.org/inherits/-/inherits-2.0.3.tgz",
        "readable-stream": "2.3.3",
        "typedarray": "0.0.6"
      }
    },
    "constantinople": {
      "version": "http://nexus.pagseguro.intranet/repository/npm-all/constantinople/-/constantinople-3.0.2.tgz",
      "integrity": "sha1-S5RdmTeQe82Y7ldRIsOBdRZUQUE=",
      "requires": {
        "acorn": "http://nexus.pagseguro.intranet/repository/npm-all/acorn/-/acorn-2.7.0.tgz"
      }
    },
    "content-disposition": {
      "version": "http://nexus.pagseguro.intranet/repository/npm-all/content-disposition/-/content-disposition-0.5.2.tgz",
      "integrity": "sha1-DPaLud318r55YcOoUXjLhdunjLQ="
    },
    "content-type": {
      "version": "http://nexus.pagseguro.intranet/repository/npm-all/content-type/-/content-type-1.0.4.tgz",
      "integrity": "sha1-4TjMdeBAxyexlm/l5fjJruJW/js="
    },
    "cookie": {
      "version": "http://nexus.pagseguro.intranet/repository/npm-all/cookie/-/cookie-0.3.1.tgz",
      "integrity": "sha1-5+Ch+e9DtMi6klxcWpboBtFoc7s="
    },
    "cookie-parser": {
      "version": "http://nexus.pagseguro.intranet/repository/npm-all/cookie-parser/-/cookie-parser-1.4.3.tgz",
      "integrity": "sha1-D+MfoZ0AC5X0qt8fU/3CuKIDuqU=",
      "requires": {
        "cookie": "http://nexus.pagseguro.intranet/repository/npm-all/cookie/-/cookie-0.3.1.tgz",
        "cookie-signature": "http://nexus.pagseguro.intranet/repository/npm-all/cookie-signature/-/cookie-signature-1.0.6.tgz"
      }
    },
    "cookie-signature": {
      "version": "http://nexus.pagseguro.intranet/repository/npm-all/cookie-signature/-/cookie-signature-1.0.6.tgz",
      "integrity": "sha1-4wOogrNCzD7oylE6eZmXNNqzriw="
    },
    "core-util-is": {
      "version": "1.0.2",
      "resolved": "https://registry.npmjs.org/core-util-is/-/core-util-is-1.0.2.tgz",
      "integrity": "sha1-tf1UIgqivFq1eqtxQMlAdUUDwac="
    },
    "css": {
      "version": "http://nexus.pagseguro.intranet/repository/npm-all/css/-/css-1.0.8.tgz",
      "integrity": "sha1-k4aBHKgrzMnuf7WnMrHioxfIo+c=",
      "requires": {
        "css-parse": "http://nexus.pagseguro.intranet/repository/npm-all/css-parse/-/css-parse-1.0.4.tgz",
        "css-stringify": "http://nexus.pagseguro.intranet/repository/npm-all/css-stringify/-/css-stringify-1.0.5.tgz"
      }
    },
    "css-parse": {
      "version": "http://nexus.pagseguro.intranet/repository/npm-all/css-parse/-/css-parse-1.0.4.tgz",
      "integrity": "sha1-OLBQP7+dqfVOnB29pg4UXHcRe90="
    },
    "css-stringify": {
      "version": "http://nexus.pagseguro.intranet/repository/npm-all/css-stringify/-/css-stringify-1.0.5.tgz",
      "integrity": "sha1-sNBClG2ylTu50pKQCmy19tASIDE="
    },
    "debug": {
      "version": "http://nexus.pagseguro.intranet/repository/npm-all/debug/-/debug-2.6.9.tgz",
      "integrity": "sha1-XRKFFd8TT/Mn6QpMk/Tgd6U2NB8=",
      "requires": {
        "ms": "https://registry.npmjs.org/ms/-/ms-2.0.0.tgz"
      }
    },
    "decamelize": {
      "version": "https://registry.npmjs.org/decamelize/-/decamelize-1.2.0.tgz",
      "integrity": "sha1-9lNNFRSCabIDUue+4m9QH5oZEpA="
    },
    "depd": {
      "version": "http://nexus.pagseguro.intranet/repository/npm-all/depd/-/depd-1.1.1.tgz",
      "integrity": "sha1-V4O04cRZ8G+lyif5kfPQbnoxA1k="
    },
    "destroy": {
      "version": "http://nexus.pagseguro.intranet/repository/npm-all/destroy/-/destroy-1.0.4.tgz",
      "integrity": "sha1-l4hXRCxEdJ5CBmE+N5RiBYJqvYA="
    },
    "ee-first": {
      "version": "http://nexus.pagseguro.intranet/repository/npm-all/ee-first/-/ee-first-1.1.1.tgz",
      "integrity": "sha1-WQxhFWsK4vTwJVcyoViyZrxWsh0="
    },
    "encodeurl": {
      "version": "http://nexus.pagseguro.intranet/repository/npm-all/encodeurl/-/encodeurl-1.0.1.tgz",
      "integrity": "sha1-eePVhlU0aQn+bw9Fpd5oEDspTSA="
    },
    "escape-html": {
      "version": "http://nexus.pagseguro.intranet/repository/npm-all/escape-html/-/escape-html-1.0.3.tgz",
      "integrity": "sha1-Aljq5NPQwJdN4cFpGI7wBR0dGYg="
    },
    "etag": {
      "version": "http://nexus.pagseguro.intranet/repository/npm-all/etag/-/etag-1.8.1.tgz",
      "integrity": "sha1-Qa4u62XvpiJorr/qg6x9eSmbCIc="
    },
    "express": {
      "version": "http://nexus.pagseguro.intranet/repository/npm-all/express/-/express-4.15.5.tgz",
      "integrity": "sha1-ZwI1ypWYiQpa6BcLg9tyK4Qu2Sc=",
      "requires": {
        "accepts": "http://nexus.pagseguro.intranet/repository/npm-all/accepts/-/accepts-1.3.4.tgz",
        "array-flatten": "http://nexus.pagseguro.intranet/repository/npm-all/array-flatten/-/array-flatten-1.1.1.tgz",
        "content-disposition": "http://nexus.pagseguro.intranet/repository/npm-all/content-disposition/-/content-disposition-0.5.2.tgz",
        "content-type": "http://nexus.pagseguro.intranet/repository/npm-all/content-type/-/content-type-1.0.4.tgz",
        "cookie": "http://nexus.pagseguro.intranet/repository/npm-all/cookie/-/cookie-0.3.1.tgz",
        "cookie-signature": "http://nexus.pagseguro.intranet/repository/npm-all/cookie-signature/-/cookie-signature-1.0.6.tgz",
        "debug": "http://nexus.pagseguro.intranet/repository/npm-all/debug/-/debug-2.6.9.tgz",
        "depd": "http://nexus.pagseguro.intranet/repository/npm-all/depd/-/depd-1.1.1.tgz",
        "encodeurl": "http://nexus.pagseguro.intranet/repository/npm-all/encodeurl/-/encodeurl-1.0.1.tgz",
        "escape-html": "http://nexus.pagseguro.intranet/repository/npm-all/escape-html/-/escape-html-1.0.3.tgz",
        "etag": "http://nexus.pagseguro.intranet/repository/npm-all/etag/-/etag-1.8.1.tgz",
        "finalhandler": "http://nexus.pagseguro.intranet/repository/npm-all/finalhandler/-/finalhandler-1.0.6.tgz",
        "fresh": "http://nexus.pagseguro.intranet/repository/npm-all/fresh/-/fresh-0.5.2.tgz",
        "merge-descriptors": "http://nexus.pagseguro.intranet/repository/npm-all/merge-descriptors/-/merge-descriptors-1.0.1.tgz",
        "methods": "http://nexus.pagseguro.intranet/repository/npm-all/methods/-/methods-1.1.2.tgz",
        "on-finished": "http://nexus.pagseguro.intranet/repository/npm-all/on-finished/-/on-finished-2.3.0.tgz",
        "parseurl": "http://nexus.pagseguro.intranet/repository/npm-all/parseurl/-/parseurl-1.3.2.tgz",
        "path-to-regexp": "http://nexus.pagseguro.intranet/repository/npm-all/path-to-regexp/-/path-to-regexp-0.1.7.tgz",
        "proxy-addr": "http://nexus.pagseguro.intranet/repository/npm-all/proxy-addr/-/proxy-addr-1.1.5.tgz",
        "qs": "http://nexus.pagseguro.intranet/repository/npm-all/qs/-/qs-6.5.0.tgz",
        "range-parser": "http://nexus.pagseguro.intranet/repository/npm-all/range-parser/-/range-parser-1.2.0.tgz",
        "send": "http://nexus.pagseguro.intranet/repository/npm-all/send/-/send-0.15.6.tgz",
        "serve-static": "http://nexus.pagseguro.intranet/repository/npm-all/serve-static/-/serve-static-1.12.6.tgz",
        "setprototypeof": "http://nexus.pagseguro.intranet/repository/npm-all/setprototypeof/-/setprototypeof-1.0.3.tgz",
        "statuses": "http://nexus.pagseguro.intranet/repository/npm-all/statuses/-/statuses-1.3.1.tgz",
        "type-is": "http://nexus.pagseguro.intranet/repository/npm-all/type-is/-/type-is-1.6.15.tgz",
        "utils-merge": "http://nexus.pagseguro.intranet/repository/npm-all/utils-merge/-/utils-merge-1.0.0.tgz",
        "vary": "http://nexus.pagseguro.intranet/repository/npm-all/vary/-/vary-1.1.2.tgz"
      },
      "dependencies": {
        "qs": {
          "version": "http://nexus.pagseguro.intranet/repository/npm-all/qs/-/qs-6.5.0.tgz",
          "integrity": "sha1-jQSVTTZN7z78VbWgeT4eLIsebkk="
        },
        "statuses": {
          "version": "http://nexus.pagseguro.intranet/repository/npm-all/statuses/-/statuses-1.3.1.tgz",
          "integrity": "sha1-+vUbnrdKrvOzrPStX2Gr8ky3uT4="
        }
      }
    },
    "fast-levenshtein": {
      "version": "2.0.6",
      "resolved": "https://registry.npmjs.org/fast-levenshtein/-/fast-levenshtein-2.0.6.tgz",
      "integrity": "sha1-PYpcZog6FqMMqGQ+hR8Zuqd5eRc="
    },
    "finalhandler": {
      "version": "http://nexus.pagseguro.intranet/repository/npm-all/finalhandler/-/finalhandler-1.0.6.tgz",
      "integrity": "sha1-AHrqM9Gk0+QgF/YkhIrVjSEvgU8=",
      "requires": {
        "debug": "http://nexus.pagseguro.intranet/repository/npm-all/debug/-/debug-2.6.9.tgz",
        "encodeurl": "http://nexus.pagseguro.intranet/repository/npm-all/encodeurl/-/encodeurl-1.0.1.tgz",
        "escape-html": "http://nexus.pagseguro.intranet/repository/npm-all/escape-html/-/escape-html-1.0.3.tgz",
        "on-finished": "http://nexus.pagseguro.intranet/repository/npm-all/on-finished/-/on-finished-2.3.0.tgz",
        "parseurl": "http://nexus.pagseguro.intranet/repository/npm-all/parseurl/-/parseurl-1.3.2.tgz",
        "statuses": "http://nexus.pagseguro.intranet/repository/npm-all/statuses/-/statuses-1.3.1.tgz",
        "unpipe": "http://nexus.pagseguro.intranet/repository/npm-all/unpipe/-/unpipe-1.0.0.tgz"
      },
      "dependencies": {
        "statuses": {
          "version": "http://nexus.pagseguro.intranet/repository/npm-all/statuses/-/statuses-1.3.1.tgz",
          "integrity": "sha1-+vUbnrdKrvOzrPStX2Gr8ky3uT4="
        }
      }
    },
    "forwarded": {
      "version": "http://nexus.pagseguro.intranet/repository/npm-all/forwarded/-/forwarded-0.1.2.tgz",
      "integrity": "sha1-mMI9qxF1ZXuMBXPozszZGw/xjIQ="
    },
    "fresh": {
      "version": "http://nexus.pagseguro.intranet/repository/npm-all/fresh/-/fresh-0.5.2.tgz",
      "integrity": "sha1-PYyt2Q2XZWn6g1qx+OSyOhBWBac="
    },
    "get-port": {
      "version": "3.2.0",
      "resolved": "https://registry.npmjs.org/get-port/-/get-port-3.2.0.tgz",
      "integrity": "sha1-3Xzn3hh8Bsi/NTeWrHHgmfCYDrw="
    },
    "graceful-readlink": {
      "version": "http://nexus.pagseguro.intranet/repository/npm-all/graceful-readlink/-/graceful-readlink-1.0.1.tgz",
      "integrity": "sha1-TK+tdrxi8C+gObL5Tpo906ORpyU="
    },
    "http-basic": {
      "version": "2.5.1",
      "resolved": "https://registry.npmjs.org/http-basic/-/http-basic-2.5.1.tgz",
      "integrity": "sha1-jORHvbW2xXf4pj4/p4BW7Eu02/s=",
      "requires": {
        "caseless": "0.11.0",
        "concat-stream": "1.6.0",
        "http-response-object": "1.1.0"
      }
    },
    "http-errors": {
      "version": "http://nexus.pagseguro.intranet/repository/npm-all/http-errors/-/http-errors-1.6.2.tgz",
      "integrity": "sha1-CgAsyFcHGSp+eUbO7cERVfYOxzY=",
      "requires": {
        "depd": "http://nexus.pagseguro.intranet/repository/npm-all/depd/-/depd-1.1.1.tgz",
        "inherits": "https://registry.npmjs.org/inherits/-/inherits-2.0.3.tgz",
        "setprototypeof": "http://nexus.pagseguro.intranet/repository/npm-all/setprototypeof/-/setprototypeof-1.0.3.tgz",
        "statuses": "http://nexus.pagseguro.intranet/repository/npm-all/statuses/-/statuses-1.4.0.tgz"
      }
    },
    "http-response-object": {
      "version": "1.1.0",
      "resolved": "https://registry.npmjs.org/http-response-object/-/http-response-object-1.1.0.tgz",
      "integrity": "sha1-p8TnWq6C87tJBOT0P2FWc7TVGMM="
    },
    "iconv-lite": {
      "version": "http://nexus.pagseguro.intranet/repository/npm-all/iconv-lite/-/iconv-lite-0.4.19.tgz",
      "integrity": "sha1-90aPYBNfXl2tM5nAqBvpoWA6CCs="
    },
    "inherits": {
      "version": "https://registry.npmjs.org/inherits/-/inherits-2.0.3.tgz",
      "integrity": "sha1-Yzwsg+PaQqUC9SRmAiSA9CCCYd4="
    },
    "ipaddr.js": {
      "version": "http://nexus.pagseguro.intranet/repository/npm-all/ipaddr.js/-/ipaddr.js-1.4.0.tgz",
      "integrity": "sha1-KWrKh4qCGBbluF0KKFqZvP9FgvA="
    },
    "is-buffer": {
      "version": "http://nexus.pagseguro.intranet/repository/npm-all/is-buffer/-/is-buffer-1.1.6.tgz",
      "integrity": "sha1-76ouqdqg16suoTqXsritUf776L4="
    },
    "is-promise": {
      "version": "http://nexus.pagseguro.intranet/repository/npm-all/is-promise/-/is-promise-2.1.0.tgz",
      "integrity": "sha1-eaKp7OfwlugPNtKy87wWwf9L8/o="
    },
    "isarray": {
      "version": "1.0.0",
      "resolved": "https://registry.npmjs.org/isarray/-/isarray-1.0.0.tgz",
      "integrity": "sha1-u5NdSFgsuhaMBoNJV6VKPgcSTxE="
    },
    "jade": {
      "version": "http://nexus.pagseguro.intranet/repository/npm-all/jade/-/jade-1.11.0.tgz",
      "integrity": "sha1-nIDlOMEtP7lcjZu5VZ+gzAQEBf0=",
      "requires": {
        "character-parser": "http://nexus.pagseguro.intranet/repository/npm-all/character-parser/-/character-parser-1.2.1.tgz",
        "clean-css": "http://nexus.pagseguro.intranet/repository/npm-all/clean-css/-/clean-css-3.4.28.tgz",
        "commander": "http://nexus.pagseguro.intranet/repository/npm-all/commander/-/commander-2.6.0.tgz",
        "constantinople": "http://nexus.pagseguro.intranet/repository/npm-all/constantinople/-/constantinople-3.0.2.tgz",
        "jstransformer": "http://nexus.pagseguro.intranet/repository/npm-all/jstransformer/-/jstransformer-0.0.2.tgz",
        "mkdirp": "https://registry.npmjs.org/mkdirp/-/mkdirp-0.5.1.tgz",
        "transformers": "http://nexus.pagseguro.intranet/repository/npm-all/transformers/-/transformers-2.1.0.tgz",
        "uglify-js": "http://nexus.pagseguro.intranet/repository/npm-all/uglify-js/-/uglify-js-2.8.29.tgz",
        "void-elements": "http://nexus.pagseguro.intranet/repository/npm-all/void-elements/-/void-elements-2.0.1.tgz",
        "with": "http://nexus.pagseguro.intranet/repository/npm-all/with/-/with-4.0.3.tgz"
      }
    },
    "jstransformer": {
      "version": "http://nexus.pagseguro.intranet/repository/npm-all/jstransformer/-/jstransformer-0.0.2.tgz",
      "integrity": "sha1-eq4pqQPRls+glz2IXT5HlH7Ndqs=",
      "requires": {
        "is-promise": "http://nexus.pagseguro.intranet/repository/npm-all/is-promise/-/is-promise-2.1.0.tgz",
        "promise": "http://nexus.pagseguro.intranet/repository/npm-all/promise/-/promise-6.1.0.tgz"
      }
    },
    "kind-of": {
      "version": "https://registry.npmjs.org/kind-of/-/kind-of-3.2.2.tgz",
      "integrity": "sha1-MeohpzS6ubuw8yRm2JOupR5KPGQ=",
      "requires": {
        "is-buffer": "http://nexus.pagseguro.intranet/repository/npm-all/is-buffer/-/is-buffer-1.1.6.tgz"
      }
    },
    "lazy-cache": {
      "version": "http://nexus.pagseguro.intranet/repository/npm-all/lazy-cache/-/lazy-cache-1.0.4.tgz",
      "integrity": "sha1-odePw6UEdMuAhF07O24dpJpEbo4="
    },
    "lcs": {
      "version": "0.1.0",
      "resolved": "https://registry.npmjs.org/lcs/-/lcs-0.1.0.tgz",
      "integrity": "sha1-q9hUoNfINRNDdEE1i36NJTfmKVs="
    },
    "longest": {
      "version": "http://nexus.pagseguro.intranet/repository/npm-all/longest/-/longest-1.0.1.tgz",
      "integrity": "sha1-MKCy2jj3N3DoKUoNIuZiXtd9AJc="
    },
    "mdiff": {
      "version": "1.2.1",
      "resolved": "https://registry.npmjs.org/mdiff/-/mdiff-1.2.1.tgz",
      "integrity": "sha512-1WutVuQpnx84ZXvKteGgDWVPGrlf2jFESSdkh2T+EVWGWDFl2o6BKjoPsGJ8Bg/8hqcRWdR66bIR6ITtkzgEvA=="
    },
    "media-typer": {
      "version": "http://nexus.pagseguro.intranet/repository/npm-all/media-typer/-/media-typer-0.3.0.tgz",
      "integrity": "sha1-hxDXrwqmJvj/+hzgAWhUUmMlV0g="
    },
    "merge-descriptors": {
      "version": "http://nexus.pagseguro.intranet/repository/npm-all/merge-descriptors/-/merge-descriptors-1.0.1.tgz",
      "integrity": "sha1-sAqqVW3YtEVoFQ7J0blT8/kMu2E="
    },
    "methods": {
      "version": "http://nexus.pagseguro.intranet/repository/npm-all/methods/-/methods-1.1.2.tgz",
      "integrity": "sha1-VSmk1nZUE07cxSZmVoNbD4Ua/O4="
    },
    "mime": {
      "version": "http://nexus.pagseguro.intranet/repository/npm-all/mime/-/mime-1.3.4.tgz",
      "integrity": "sha1-EV+eO2s9rylZmDyzjxSaLUDrXVM="
    },
    "mime-db": {
      "version": "http://nexus.pagseguro.intranet/repository/npm-all/mime-db/-/mime-db-1.30.0.tgz",
      "integrity": "sha1-dMZD2i3Z1qRTmZY0ZbJtXKfXHwE="
    },
    "mime-types": {
      "version": "http://nexus.pagseguro.intranet/repository/npm-all/mime-types/-/mime-types-2.1.17.tgz",
      "integrity": "sha1-Cdejk/A+mVp5+K+Fe3Cp4KsWVXo=",
      "requires": {
        "mime-db": "http://nexus.pagseguro.intranet/repository/npm-all/mime-db/-/mime-db-1.30.0.tgz"
      }
    },
    "minimist": {
      "version": "https://registry.npmjs.org/minimist/-/minimist-0.0.8.tgz",
      "integrity": "sha1-hX/Kv8M5fSYluCKCYuhqp6ARsF0="
    },
    "mkdirp": {
      "version": "https://registry.npmjs.org/mkdirp/-/mkdirp-0.5.1.tgz",
      "integrity": "sha1-MAV0OOrGz3+MR2fzhkjWaX11yQM=",
      "requires": {
        "minimist": "https://registry.npmjs.org/minimist/-/minimist-0.0.8.tgz"
      }
    },
    "morgan": {
      "version": "http://nexus.pagseguro.intranet/repository/npm-all/morgan/-/morgan-1.9.0.tgz",
      "integrity": "sha1-0B+mxlhZt2/PMbPLU6OCGjEdgFE=",
      "requires": {
        "basic-auth": "http://nexus.pagseguro.intranet/repository/npm-all/basic-auth/-/basic-auth-2.0.0.tgz",
        "debug": "http://nexus.pagseguro.intranet/repository/npm-all/debug/-/debug-2.6.9.tgz",
        "depd": "http://nexus.pagseguro.intranet/repository/npm-all/depd/-/depd-1.1.1.tgz",
        "on-finished": "http://nexus.pagseguro.intranet/repository/npm-all/on-finished/-/on-finished-2.3.0.tgz",
        "on-headers": "http://nexus.pagseguro.intranet/repository/npm-all/on-headers/-/on-headers-1.0.1.tgz"
      }
    },
    "ms": {
      "version": "https://registry.npmjs.org/ms/-/ms-2.0.0.tgz",
      "integrity": "sha1-VgiurfwAvmwpAd9fmGF4jeDVl8g="
    },
    "negotiator": {
      "version": "http://nexus.pagseguro.intranet/repository/npm-all/negotiator/-/negotiator-0.6.1.tgz",
      "integrity": "sha1-KzJxhOiZIQEXeyhWP7XnECrNDKk="
    },
    "on-finished": {
      "version": "http://nexus.pagseguro.intranet/repository/npm-all/on-finished/-/on-finished-2.3.0.tgz",
      "integrity": "sha1-IPEzZIGwg811M3mSoWlxqi2QaUc=",
      "requires": {
        "ee-first": "http://nexus.pagseguro.intranet/repository/npm-all/ee-first/-/ee-first-1.1.1.tgz"
      }
    },
    "on-headers": {
      "version": "http://nexus.pagseguro.intranet/repository/npm-all/on-headers/-/on-headers-1.0.1.tgz",
      "integrity": "sha1-ko9dD0cNSTQmUepnlLCFfBAGk/c="
    },
    "optimist": {
      "version": "http://nexus.pagseguro.intranet/repository/npm-all/optimist/-/optimist-0.3.7.tgz",
      "integrity": "sha1-yQlBrVnkJzMokjB00s8ufLxuwNk=",
      "requires": {
        "wordwrap": "http://nexus.pagseguro.intranet/repository/npm-all/wordwrap/-/wordwrap-0.0.3.tgz"
      }
    },
    "parseurl": {
      "version": "http://nexus.pagseguro.intranet/repository/npm-all/parseurl/-/parseurl-1.3.2.tgz",
      "integrity": "sha1-/CidTtiZMRlGDBViUyYs3I3mW/M="
    },
    "path-to-regexp": {
      "version": "http://nexus.pagseguro.intranet/repository/npm-all/path-to-regexp/-/path-to-regexp-0.1.7.tgz",
      "integrity": "sha1-32BBeABfUi8V60SQ5yR6G/qmf4w="
    },
    "process-nextick-args": {
      "version": "1.0.7",
      "resolved": "https://registry.npmjs.org/process-nextick-args/-/process-nextick-args-1.0.7.tgz",
      "integrity": "sha1-FQ4gt1ZZCtP5EJPyWk8q2L/zC6M="
    },
    "promise": {
      "version": "http://nexus.pagseguro.intranet/repository/npm-all/promise/-/promise-6.1.0.tgz",
      "integrity": "sha1-LOcp9rlLRcJoka0GAsXJDgTG7vY=",
      "requires": {
        "asap": "http://nexus.pagseguro.intranet/repository/npm-all/asap/-/asap-1.0.0.tgz"
      }
    },
    "proxy-addr": {
      "version": "http://nexus.pagseguro.intranet/repository/npm-all/proxy-addr/-/proxy-addr-1.1.5.tgz",
      "integrity": "sha1-ccDuOxAt4/IC87ZPYI0XP8uhqRg=",
      "requires": {
        "forwarded": "http://nexus.pagseguro.intranet/repository/npm-all/forwarded/-/forwarded-0.1.2.tgz",
        "ipaddr.js": "http://nexus.pagseguro.intranet/repository/npm-all/ipaddr.js/-/ipaddr.js-1.4.0.tgz"
      }
    },
    "qs": {
      "version": "http://nexus.pagseguro.intranet/repository/npm-all/qs/-/qs-6.5.1.tgz",
      "integrity": "sha1-NJzfbu+J7EXBLX1es/wMhwNDptg="
    },
    "range-parser": {
      "version": "http://nexus.pagseguro.intranet/repository/npm-all/range-parser/-/range-parser-1.2.0.tgz",
      "integrity": "sha1-9JvmtIeJTdxA3MlKMi9hEJLgDV4="
    },
    "raw-body": {
      "version": "http://nexus.pagseguro.intranet/repository/npm-all/raw-body/-/raw-body-2.3.2.tgz",
      "integrity": "sha1-vNYMd9Prk83gBQKVw/N5OJvIj4k=",
      "requires": {
        "bytes": "http://nexus.pagseguro.intranet/repository/npm-all/bytes/-/bytes-3.0.0.tgz",
        "http-errors": "http://nexus.pagseguro.intranet/repository/npm-all/http-errors/-/http-errors-1.6.2.tgz",
        "iconv-lite": "http://nexus.pagseguro.intranet/repository/npm-all/iconv-lite/-/iconv-lite-0.4.19.tgz",
        "unpipe": "http://nexus.pagseguro.intranet/repository/npm-all/unpipe/-/unpipe-1.0.0.tgz"
      }
    },
    "readable-stream": {
      "version": "2.3.3",
      "resolved": "https://registry.npmjs.org/readable-stream/-/readable-stream-2.3.3.tgz",
      "integrity": "sha512-m+qzzcn7KUxEmd1gMbchF+Y2eIUbieUaxkWtptyHywrX0rE8QEYqPC07Vuy4Wm32/xE16NcdBctb8S0Xe/5IeQ==",
      "requires": {
        "core-util-is": "1.0.2",
        "inherits": "https://registry.npmjs.org/inherits/-/inherits-2.0.3.tgz",
        "isarray": "1.0.0",
        "process-nextick-args": "1.0.7",
        "safe-buffer": "http://nexus.pagseguro.intranet/repository/npm-all/safe-buffer/-/safe-buffer-5.1.1.tgz",
        "string_decoder": "1.0.3",
        "util-deprecate": "1.0.2"
      }
    },
    "repeat-string": {
      "version": "https://registry.npmjs.org/repeat-string/-/repeat-string-1.6.1.tgz",
      "integrity": "sha1-jcrkcOHIirwtYA//Sndihtp15jc="
    },
    "right-align": {
      "version": "http://nexus.pagseguro.intranet/repository/npm-all/right-align/-/right-align-0.1.3.tgz",
      "integrity": "sha1-YTObci/mo1FWiSENJOFMlhSGE+8=",
      "requires": {
        "align-text": "http://nexus.pagseguro.intranet/repository/npm-all/align-text/-/align-text-0.1.4.tgz"
      }
    },
    "safe-buffer": {
      "version": "http://nexus.pagseguro.intranet/repository/npm-all/safe-buffer/-/safe-buffer-5.1.1.tgz",
      "integrity": "sha1-iTMSr2myEj3vcfV4iQAWce6yyFM="
    },
    "send": {
      "version": "http://nexus.pagseguro.intranet/repository/npm-all/send/-/send-0.15.6.tgz",
      "integrity": "sha1-IPI6nJJbdiq4JwX+L52yUqzkfjQ=",
      "requires": {
        "debug": "http://nexus.pagseguro.intranet/repository/npm-all/debug/-/debug-2.6.9.tgz",
        "depd": "http://nexus.pagseguro.intranet/repository/npm-all/depd/-/depd-1.1.1.tgz",
        "destroy": "http://nexus.pagseguro.intranet/repository/npm-all/destroy/-/destroy-1.0.4.tgz",
        "encodeurl": "http://nexus.pagseguro.intranet/repository/npm-all/encodeurl/-/encodeurl-1.0.1.tgz",
        "escape-html": "http://nexus.pagseguro.intranet/repository/npm-all/escape-html/-/escape-html-1.0.3.tgz",
        "etag": "http://nexus.pagseguro.intranet/repository/npm-all/etag/-/etag-1.8.1.tgz",
        "fresh": "http://nexus.pagseguro.intranet/repository/npm-all/fresh/-/fresh-0.5.2.tgz",
        "http-errors": "http://nexus.pagseguro.intranet/repository/npm-all/http-errors/-/http-errors-1.6.2.tgz",
        "mime": "http://nexus.pagseguro.intranet/repository/npm-all/mime/-/mime-1.3.4.tgz",
        "ms": "https://registry.npmjs.org/ms/-/ms-2.0.0.tgz",
        "on-finished": "http://nexus.pagseguro.intranet/repository/npm-all/on-finished/-/on-finished-2.3.0.tgz",
        "range-parser": "http://nexus.pagseguro.intranet/repository/npm-all/range-parser/-/range-parser-1.2.0.tgz",
        "statuses": "http://nexus.pagseguro.intranet/repository/npm-all/statuses/-/statuses-1.3.1.tgz"
      },
      "dependencies": {
        "statuses": {
          "version": "http://nexus.pagseguro.intranet/repository/npm-all/statuses/-/statuses-1.3.1.tgz",
          "integrity": "sha1-+vUbnrdKrvOzrPStX2Gr8ky3uT4="
        }
      }
    },
    "serve-favicon": {
      "version": "http://nexus.pagseguro.intranet/repository/npm-all/serve-favicon/-/serve-favicon-2.4.5.tgz",
      "integrity": "sha1-SdmkaGMVOpJAaRyJPSsOfYXW1DY=",
      "requires": {
        "etag": "http://nexus.pagseguro.intranet/repository/npm-all/etag/-/etag-1.8.1.tgz",
        "fresh": "http://nexus.pagseguro.intranet/repository/npm-all/fresh/-/fresh-0.5.2.tgz",
        "ms": "https://registry.npmjs.org/ms/-/ms-2.0.0.tgz",
        "parseurl": "http://nexus.pagseguro.intranet/repository/npm-all/parseurl/-/parseurl-1.3.2.tgz",
        "safe-buffer": "http://nexus.pagseguro.intranet/repository/npm-all/safe-buffer/-/safe-buffer-5.1.1.tgz"
      }
    },
    "serve-static": {
      "version": "http://nexus.pagseguro.intranet/repository/npm-all/serve-static/-/serve-static-1.12.6.tgz",
      "integrity": "sha1-uXN3P2NEmTTaVOW+ul4x2fQhFXc=",
      "requires": {
        "encodeurl": "http://nexus.pagseguro.intranet/repository/npm-all/encodeurl/-/encodeurl-1.0.1.tgz",
        "escape-html": "http://nexus.pagseguro.intranet/repository/npm-all/escape-html/-/escape-html-1.0.3.tgz",
        "parseurl": "http://nexus.pagseguro.intranet/repository/npm-all/parseurl/-/parseurl-1.3.2.tgz",
        "send": "http://nexus.pagseguro.intranet/repository/npm-all/send/-/send-0.15.6.tgz"
      }
    },
    "setprototypeof": {
      "version": "http://nexus.pagseguro.intranet/repository/npm-all/setprototypeof/-/setprototypeof-1.0.3.tgz",
      "integrity": "sha1-ZlZ+NwQ+608E2RvWWMDL77VbjgQ="
    },
    "source-map": {
      "version": "https://registry.npmjs.org/source-map/-/source-map-0.4.4.tgz",
      "integrity": "sha1-66T12pwNyZneaAMti092FzZSA2s=",
      "requires": {
        "amdefine": "https://registry.npmjs.org/amdefine/-/amdefine-1.0.1.tgz"
      }
    },
    "statuses": {
      "version": "http://nexus.pagseguro.intranet/repository/npm-all/statuses/-/statuses-1.4.0.tgz",
      "integrity": "sha1-u3PURtonlhBu/MG2AaJT1sRr0Ic="
    },
    "string_decoder": {
      "version": "1.0.3",
      "resolved": "https://registry.npmjs.org/string_decoder/-/string_decoder-1.0.3.tgz",
      "integrity": "sha512-4AH6Z5fzNNBcH+6XDMfA/BTt87skxqJlO0lAh3Dker5zThcAxG6mKz+iGu308UKoPPQ8Dcqx/4JhujzltRa+hQ==",
      "requires": {
        "safe-buffer": "http://nexus.pagseguro.intranet/repository/npm-all/safe-buffer/-/safe-buffer-5.1.1.tgz"
      }
    },
    "sync-request": {
      "version": "4.1.0",
      "resolved": "https://registry.npmjs.org/sync-request/-/sync-request-4.1.0.tgz",
      "integrity": "sha512-iFbOBWYaznBNbheIKaMkj+3EabpEsXbuwcTVuYkRjoav+Om5L8VXXLIXms0cHxkouXMRCQaSfhfau9/HyIbM2Q==",
      "requires": {
        "command-exists": "1.2.2",
        "concat-stream": "1.6.0",
        "get-port": "3.2.0",
        "http-response-object": "1.1.0",
        "then-request": "2.2.0"
      }
    },
    "then-request": {
      "version": "2.2.0",
      "resolved": "https://registry.npmjs.org/then-request/-/then-request-2.2.0.tgz",
      "integrity": "sha1-ZnizL6DKIY/laZgbvYhxtZQGDYE=",
      "requires": {
        "caseless": "0.11.0",
        "concat-stream": "1.6.0",
        "http-basic": "2.5.1",
        "http-response-object": "1.1.0",
        "promise": "7.3.1",
        "qs": "http://nexus.pagseguro.intranet/repository/npm-all/qs/-/qs-6.5.1.tgz"
      },
      "dependencies": {
        "asap": {
          "version": "2.0.6",
          "resolved": "https://registry.npmjs.org/asap/-/asap-2.0.6.tgz",
          "integrity": "sha1-5QNHYR1+aQlDIIu9r+vLwvuGbUY="
        },
        "promise": {
          "version": "7.3.1",
          "resolved": "https://registry.npmjs.org/promise/-/promise-7.3.1.tgz",
          "integrity": "sha512-nolQXZ/4L+bP/UGlkfaIujX9BKxGwmQ9OT4mOt5yvy8iK1h3wqTEJCijzGANTCCl9nWjY41juyAn2K3Q1hLLTg==",
          "requires": {
            "asap": "2.0.6"
          }
        }
      }
    },
    "transformers": {
      "version": "http://nexus.pagseguro.intranet/repository/npm-all/transformers/-/transformers-2.1.0.tgz",
      "integrity": "sha1-XSPLNVYd2F3Gf7hIIwm0fVPM6ac=",
      "requires": {
        "css": "http://nexus.pagseguro.intranet/repository/npm-all/css/-/css-1.0.8.tgz",
        "promise": "http://nexus.pagseguro.intranet/repository/npm-all/promise/-/promise-2.0.0.tgz",
        "uglify-js": "http://nexus.pagseguro.intranet/repository/npm-all/uglify-js/-/uglify-js-2.2.5.tgz"
      },
      "dependencies": {
        "is-promise": {
          "version": "http://nexus.pagseguro.intranet/repository/npm-all/is-promise/-/is-promise-1.0.1.tgz",
          "integrity": "sha1-MVc3YcBX4zwukaq56W2gjO++duU="
        },
        "promise": {
          "version": "http://nexus.pagseguro.intranet/repository/npm-all/promise/-/promise-2.0.0.tgz",
          "integrity": "sha1-RmSKqdYFr10ucMMCS/WUNtoCuA4=",
          "requires": {
            "is-promise": "http://nexus.pagseguro.intranet/repository/npm-all/is-promise/-/is-promise-1.0.1.tgz"
          }
        },
        "source-map": {
          "version": "https://registry.npmjs.org/source-map/-/source-map-0.1.43.tgz",
          "integrity": "sha1-wkvBRspRfBRx9drL4lcbK3+eM0Y=",
          "requires": {
            "amdefine": "https://registry.npmjs.org/amdefine/-/amdefine-1.0.1.tgz"
          }
        },
        "uglify-js": {
          "version": "http://nexus.pagseguro.intranet/repository/npm-all/uglify-js/-/uglify-js-2.2.5.tgz",
          "integrity": "sha1-puAqcNg5eSuXgEiLe4sYTAlcmcc=",
          "requires": {
            "optimist": "http://nexus.pagseguro.intranet/repository/npm-all/optimist/-/optimist-0.3.7.tgz",
            "source-map": "https://registry.npmjs.org/source-map/-/source-map-0.1.43.tgz"
          }
        }
      }
    },
    "type-is": {
      "version": "http://nexus.pagseguro.intranet/repository/npm-all/type-is/-/type-is-1.6.15.tgz",
      "integrity": "sha1-yrEPtJCeRByChC6v4a1kbIGARBA=",
      "requires": {
        "media-typer": "http://nexus.pagseguro.intranet/repository/npm-all/media-typer/-/media-typer-0.3.0.tgz",
        "mime-types": "http://nexus.pagseguro.intranet/repository/npm-all/mime-types/-/mime-types-2.1.17.tgz"
      }
    },
    "typedarray": {
      "version": "0.0.6",
      "resolved": "https://registry.npmjs.org/typedarray/-/typedarray-0.0.6.tgz",
      "integrity": "sha1-hnrHTjhkGHsdPUfZlqeOxciDB3c="
    },
    "typo-js": {
      "version": "http://nexus.pagseguro.intranet/repository/npm-all/typo-js/-/typo-js-1.0.3.tgz",
      "integrity": "sha1-VNjrx5SfGngQkItgAsaEFSbJnVo="
    },
    "uglify-js": {
      "version": "http://nexus.pagseguro.intranet/repository/npm-all/uglify-js/-/uglify-js-2.8.29.tgz",
      "integrity": "sha1-KcVzMUgFe7Th913zW3qcty5qWd0=",
      "requires": {
        "source-map": "http://nexus.pagseguro.intranet/repository/npm-all/source-map/-/source-map-0.5.7.tgz",
        "uglify-to-browserify": "http://nexus.pagseguro.intranet/repository/npm-all/uglify-to-browserify/-/uglify-to-browserify-1.0.2.tgz",
        "yargs": "http://nexus.pagseguro.intranet/repository/npm-all/yargs/-/yargs-3.10.0.tgz"
      },
      "dependencies": {
        "source-map": {
          "version": "http://nexus.pagseguro.intranet/repository/npm-all/source-map/-/source-map-0.5.7.tgz",
          "integrity": "sha1-igOdLRAh0i0eoUyA2OpGi6LvP8w="
        }
      }
    },
    "uglify-to-browserify": {
      "version": "http://nexus.pagseguro.intranet/repository/npm-all/uglify-to-browserify/-/uglify-to-browserify-1.0.2.tgz",
      "integrity": "sha1-bgkk1r2mta/jSeOabWMoUKD4grc=",
      "optional": true
    },
    "unpipe": {
      "version": "http://nexus.pagseguro.intranet/repository/npm-all/unpipe/-/unpipe-1.0.0.tgz",
      "integrity": "sha1-sr9O6FFKrmFltIF4KdIbLvSZBOw="
    },
    "util-deprecate": {
      "version": "1.0.2",
      "resolved": "https://registry.npmjs.org/util-deprecate/-/util-deprecate-1.0.2.tgz",
      "integrity": "sha1-RQ1Nyfpw3nMnYvvS1KKJgUGaDM8="
    },
    "utils-merge": {
      "version": "http://nexus.pagseguro.intranet/repository/npm-all/utils-merge/-/utils-merge-1.0.0.tgz",
      "integrity": "sha1-ApT7kiu5N1FTVBxPcJYjHyh8ivg="
    },
    "vary": {
      "version": "http://nexus.pagseguro.intranet/repository/npm-all/vary/-/vary-1.1.2.tgz",
      "integrity": "sha1-IpnwLG3tMNSllhsLn3RSShj2NPw="
    },
    "void-elements": {
      "version": "http://nexus.pagseguro.intranet/repository/npm-all/void-elements/-/void-elements-2.0.1.tgz",
      "integrity": "sha1-wGavtYK7HLQSjWDqkjkulNXp2+w="
    },
    "window-size": {
      "version": "http://nexus.pagseguro.intranet/repository/npm-all/window-size/-/window-size-0.1.0.tgz",
      "integrity": "sha1-VDjNLqk7IC76Ohn+iIeu58lPnJ0="
    },
    "with": {
      "version": "http://nexus.pagseguro.intranet/repository/npm-all/with/-/with-4.0.3.tgz",
      "integrity": "sha1-7v0VTp550sjTQXtkeo8U2f7M4U4=",
      "requires": {
        "acorn": "http://nexus.pagseguro.intranet/repository/npm-all/acorn/-/acorn-1.2.2.tgz",
        "acorn-globals": "http://nexus.pagseguro.intranet/repository/npm-all/acorn-globals/-/acorn-globals-1.0.9.tgz"
      },
      "dependencies": {
        "acorn": {
          "version": "http://nexus.pagseguro.intranet/repository/npm-all/acorn/-/acorn-1.2.2.tgz",
          "integrity": "sha1-yM4n3grMdtiW0rH6099YjZ6C8BQ="
        }
      }
    },
    "wordwrap": {
      "version": "http://nexus.pagseguro.intranet/repository/npm-all/wordwrap/-/wordwrap-0.0.3.tgz",
      "integrity": "sha1-o9XabNXAvAAI03I0u68b7WMFkQc="
    },
    "yargs": {
      "version": "http://nexus.pagseguro.intranet/repository/npm-all/yargs/-/yargs-3.10.0.tgz",
      "integrity": "sha1-9+572FfdfB0tOMDnTvvWgdFDH9E=",
      "requires": {
        "camelcase": "http://nexus.pagseguro.intranet/repository/npm-all/camelcase/-/camelcase-1.2.1.tgz",
        "cliui": "http://nexus.pagseguro.intranet/repository/npm-all/cliui/-/cliui-2.1.0.tgz",
        "decamelize": "https://registry.npmjs.org/decamelize/-/decamelize-1.2.0.tgz",
        "window-size": "http://nexus.pagseguro.intranet/repository/npm-all/window-size/-/window-size-0.1.0.tgz"
      }
    }
  }
}
